
Microsoft Visual Studio Solution File, Format Version 12.00
# Visual Studio Version 17
VisualStudioVersion = 17.5.002.0
MinimumVisualStudioVersion = 10.0.40219.1
Project("{2150E333-8FDC-42A3-9474-1A3956D46DE8}") = "01 - Historian Hysteria", "01 - Historian Hysteria", "{ADAA99ED-FDB0-4CC6-BEAF-31373C10B9CD}"
EndProject
Project("{9A19103F-16F7-4668-BE54-9A1E7A4F7556}") = "aoc", "01 - Historian Hysteria\G\aoc.csproj", "{C572D14A-8204-48A5-8043-9A85E7B4AA99}"
EndProject
Project("{9A19103F-16F7-4668-BE54-9A1E7A4F7556}") = "aoc (1)", "01 - Historian Hysteria\S\aoc.csproj", "{6A84CED7-C389-4278-8BC6-1BE9650B9793}"
EndProject
Project("{2150E333-8FDC-42A3-9474-1A3956D46DE8}") = "02 - Red-Nosed Reports", "02 - Red-Nosed Reports", "{117AAD43-B0A0-4DBB-A32B-60D983343A19}"
EndProject
Project("{9A19103F-16F7-4668-BE54-9A1E7A4F7556}") = "aoc", "02 - Red-Nosed Reports\G\aoc.csproj", "{0ED4F477-CBAB-472F-AA8B-FF624549D96C}"
EndProject
Project("{9A19103F-16F7-4668-BE54-9A1E7A4F7556}") = "aoc (1)", "02 - Red-Nosed Reports\S\aoc.csproj", "{B344DE7E-8DD8-4075-87F8-A64A7DDCD29F}"
EndProject
Project("{2150E333-8FDC-42A3-9474-1A3956D46DE8}") = "03 - Mull It Over", "03 - Mull It Over", "{92B27E6C-26B7-4F5D-A458-C8AF003B6ED3}"
EndProject
Project("{9A19103F-16F7-4668-BE54-9A1E7A4F7556}") = "aoc", "03 - Mull It Over\G\aoc.csproj", "{65A27A08-AEBB-490B-896F-77C45F610E50}"
EndProject
Project("{9A19103F-16F7-4668-BE54-9A1E7A4F7556}") = "aoc (1)", "03 - Mull It Over\S\aoc.csproj", "{8FA0CF40-7AFA-41D6-B7E1-0063A37A0A98}"
EndProject
Project("{2150E333-8FDC-42A3-9474-1A3956D46DE8}") = "04 - Ceres Search", "04 - Ceres Search", "{A0C77212-7C83-46DD-962F-1098F7BAF051}"
EndProject
Project("{9A19103F-16F7-4668-BE54-9A1E7A4F7556}") = "aoc", "04 - Ceres Search\G\aoc.csproj", "{64E165E1-5207-42E8-8E0D-2AD2B35F19D6}"
EndProject
Project("{9A19103F-16F7-4668-BE54-9A1E7A4F7556}") = "aoc (1)", "04 - Ceres Search\S\aoc.csproj", "{B162D50E-E79B-48EF-9E36-C2C85B6E527D}"
EndProject
Global
	GlobalSection(SolutionConfigurationPlatforms) = preSolution
		Debug|Any CPU = Debug|Any CPU
		Release|Any CPU = Release|Any CPU
	EndGlobalSection
	GlobalSection(ProjectConfigurationPlatforms) = postSolution
		{C572D14A-8204-48A5-8043-9A85E7B4AA99}.Debug|Any CPU.ActiveCfg = Debug|Any CPU
		{C572D14A-8204-48A5-8043-9A85E7B4AA99}.Debug|Any CPU.Build.0 = Debug|Any CPU
		{C572D14A-8204-48A5-8043-9A85E7B4AA99}.Release|Any CPU.ActiveCfg = Release|Any CPU
		{C572D14A-8204-48A5-8043-9A85E7B4AA99}.Release|Any CPU.Build.0 = Release|Any CPU
		{6A84CED7-C389-4278-8BC6-1BE9650B9793}.Debug|Any CPU.ActiveCfg = Debug|Any CPU
		{6A84CED7-C389-4278-8BC6-1BE9650B9793}.Debug|Any CPU.Build.0 = Debug|Any CPU
		{6A84CED7-C389-4278-8BC6-1BE9650B9793}.Release|Any CPU.ActiveCfg = Release|Any CPU
		{6A84CED7-C389-4278-8BC6-1BE9650B9793}.Release|Any CPU.Build.0 = Release|Any CPU
		{0ED4F477-CBAB-472F-AA8B-FF624549D96C}.Debug|Any CPU.ActiveCfg = Debug|Any CPU
		{0ED4F477-CBAB-472F-AA8B-FF624549D96C}.Debug|Any CPU.Build.0 = Debug|Any CPU
		{0ED4F477-CBAB-472F-AA8B-FF624549D96C}.Release|Any CPU.ActiveCfg = Release|Any CPU
		{0ED4F477-CBAB-472F-AA8B-FF624549D96C}.Release|Any CPU.Build.0 = Release|Any CPU
		{B344DE7E-8DD8-4075-87F8-A64A7DDCD29F}.Debug|Any CPU.ActiveCfg = Debug|Any CPU
		{B344DE7E-8DD8-4075-87F8-A64A7DDCD29F}.Debug|Any CPU.Build.0 = Debug|Any CPU
		{B344DE7E-8DD8-4075-87F8-A64A7DDCD29F}.Release|Any CPU.ActiveCfg = Release|Any CPU
		{B344DE7E-8DD8-4075-87F8-A64A7DDCD29F}.Release|Any CPU.Build.0 = Release|Any CPU
		{65A27A08-AEBB-490B-896F-77C45F610E50}.Debug|Any CPU.ActiveCfg = Debug|Any CPU
		{65A27A08-AEBB-490B-896F-77C45F610E50}.Debug|Any CPU.Build.0 = Debug|Any CPU
		{65A27A08-AEBB-490B-896F-77C45F610E50}.Release|Any CPU.ActiveCfg = Release|Any CPU
		{65A27A08-AEBB-490B-896F-77C45F610E50}.Release|Any CPU.Build.0 = Release|Any CPU
		{8FA0CF40-7AFA-41D6-B7E1-0063A37A0A98}.Debug|Any CPU.ActiveCfg = Debug|Any CPU
		{8FA0CF40-7AFA-41D6-B7E1-0063A37A0A98}.Debug|Any CPU.Build.0 = Debug|Any CPU
		{8FA0CF40-7AFA-41D6-B7E1-0063A37A0A98}.Release|Any CPU.ActiveCfg = Release|Any CPU
		{8FA0CF40-7AFA-41D6-B7E1-0063A37A0A98}.Release|Any CPU.Build.0 = Release|Any CPU
		{64E165E1-5207-42E8-8E0D-2AD2B35F19D6}.Debug|Any CPU.ActiveCfg = Debug|Any CPU
		{64E165E1-5207-42E8-8E0D-2AD2B35F19D6}.Debug|Any CPU.Build.0 = Debug|Any CPU
		{64E165E1-5207-42E8-8E0D-2AD2B35F19D6}.Release|Any CPU.ActiveCfg = Release|Any CPU
		{64E165E1-5207-42E8-8E0D-2AD2B35F19D6}.Release|Any CPU.Build.0 = Release|Any CPU
		{B162D50E-E79B-48EF-9E36-C2C85B6E527D}.Debug|Any CPU.ActiveCfg = Debug|Any CPU
		{B162D50E-E79B-48EF-9E36-C2C85B6E527D}.Debug|Any CPU.Build.0 = Debug|Any CPU
		{B162D50E-E79B-48EF-9E36-C2C85B6E527D}.Release|Any CPU.ActiveCfg = Release|Any CPU
		{B162D50E-E79B-48EF-9E36-C2C85B6E527D}.Release|Any CPU.Build.0 = Release|Any CPU
	EndGlobalSection
	GlobalSection(SolutionProperties) = preSolution
		HideSolutionNode = FALSE
	EndGlobalSection
	GlobalSection(NestedProjects) = preSolution
		{C572D14A-8204-48A5-8043-9A85E7B4AA99} = {ADAA99ED-FDB0-4CC6-BEAF-31373C10B9CD}
		{6A84CED7-C389-4278-8BC6-1BE9650B9793} = {ADAA99ED-FDB0-4CC6-BEAF-31373C10B9CD}
		{0ED4F477-CBAB-472F-AA8B-FF624549D96C} = {117AAD43-B0A0-4DBB-A32B-60D983343A19}
		{B344DE7E-8DD8-4075-87F8-A64A7DDCD29F} = {117AAD43-B0A0-4DBB-A32B-60D983343A19}
		{65A27A08-AEBB-490B-896F-77C45F610E50} = {92B27E6C-26B7-4F5D-A458-C8AF003B6ED3}
		{8FA0CF40-7AFA-41D6-B7E1-0063A37A0A98} = {92B27E6C-26B7-4F5D-A458-C8AF003B6ED3}
		{64E165E1-5207-42E8-8E0D-2AD2B35F19D6} = {A0C77212-7C83-46DD-962F-1098F7BAF051}
		{B162D50E-E79B-48EF-9E36-C2C85B6E527D} = {A0C77212-7C83-46DD-962F-1098F7BAF051}
	EndGlobalSection
	GlobalSection(ExtensibilityGlobals) = postSolution
		SolutionGuid = {8FDF1BB9-82A7-4155-9C1E-A6941EAC2848}
	EndGlobalSection
EndGlobal
